
Microsoft Visual Studio Solution File, Format Version 12.00
# Visual Studio Version 17
VisualStudioVersion = 17.7.34018.315
MinimumVisualStudioVersion = 10.0.40219.1
Project("{FAE04EC0-301F-11D3-BF4B-00C04F79EFBC}") = "ra.aluno", "ra.aluno\ra.aluno.csproj", "{E78DD183-68BB-44B7-A4C6-ACB2DA95DEB2}"
EndProject
Global
	GlobalSection(SolutionConfigurationPlatforms) = preSolution
		Debug|Any CPU = Debug|Any CPU
		Release|Any CPU = Release|Any CPU
	EndGlobalSection
	GlobalSection(ProjectConfigurationPlatforms) = postSolution
		{E78DD183-68BB-44B7-A4C6-ACB2DA95DEB2}.Debug|Any CPU.ActiveCfg = Debug|Any CPU
		{E78DD183-68BB-44B7-A4C6-ACB2DA95DEB2}.Debug|Any CPU.Build.0 = Debug|Any CPU
		{E78DD183-68BB-44B7-A4C6-ACB2DA95DEB2}.Release|Any CPU.ActiveCfg = Release|Any CPU
		{E78DD183-68BB-44B7-A4C6-ACB2DA95DEB2}.Release|Any CPU.Build.0 = Release|Any CPU
	EndGlobalSection
	GlobalSection(SolutionProperties) = preSolution
		HideSolutionNode = FALSE
	EndGlobalSection
	GlobalSection(ExtensibilityGlobals) = postSolution
		SolutionGuid = {0E8E3C39-AE6E-4CF3-8890-9C2E004D4B92}
	EndGlobalSection
EndGlobal
